{
  "name": "ragflow",
  "lockfileVersion": 3,
  "requires": true,
  "packages": {
    "": {
      "dependencies": {
        "@ant-design/icons": "^5.6.1",
        "@types/antd": "^0.12.32",
        "antd": "^5.24.3"
      },
      "devDependencies": {
        "@types/react": "^19.0.10",
        "@types/react-dom": "^19.0.4",
        "typescript": "^5.8.2"
      }
    },
    "node_modules/@ant-design/colors": {
      "version": "7.2.0",
      "resolved": "https://registry.npmjs.org/@ant-design/colors/-/colors-7.2.0.tgz",
      "integrity": "sha512-bjTObSnZ9C/O8MB/B4OUtd/q9COomuJAR2SYfhxLyHvCKn4EKwCN3e+fWGMo7H5InAyV0wL17jdE9ALrdOW/6A==",
      "license": "MIT",
      "dependencies": {
        "@ant-design/fast-color": "^2.0.6"
      }
    },
    "node_modules/@ant-design/cssinjs": {
      "version": "1.23.0",
      "resolved": "https://registry.npmjs.org/@ant-design/cssinjs/-/cssinjs-1.23.0.tgz",
      "integrity": "sha512-7GAg9bD/iC9ikWatU9ym+P9ugJhi/WbsTWzcKN6T4gU0aehsprtke1UAaaSxxkjjmkJb3llet/rbUSLPgwlY4w==",
      "license": "MIT",
      "dependencies": {
        "@babel/runtime": "^7.11.1",
        "@emotion/hash": "^0.8.0",
        "@emotion/unitless": "^0.7.5",
        "classnames": "^2.3.1",
        "csstype": "^3.1.3",
        "rc-util": "^5.35.0",
        "stylis": "^4.3.4"
      },
      "peerDependencies": {
        "react": ">=16.0.0",
        "react-dom": ">=16.0.0"
      }
    },
    "node_modules/@ant-design/cssinjs-utils": {
      "version": "1.1.3",
      "resolved": "https://registry.npmjs.org/@ant-design/cssinjs-utils/-/cssinjs-utils-1.1.3.tgz",
      "integrity": "sha512-nOoQMLW1l+xR1Co8NFVYiP8pZp3VjIIzqV6D6ShYF2ljtdwWJn5WSsH+7kvCktXL/yhEtWURKOfH5Xz/gzlwsg==",
      "license": "MIT",
      "dependencies": {
        "@ant-design/cssinjs": "^1.21.0",
        "@babel/runtime": "^7.23.2",
        "rc-util": "^5.38.0"
      },
      "peerDependencies": {
        "react": ">=16.9.0",
        "react-dom": ">=16.9.0"
      }
    },
    "node_modules/@ant-design/fast-color": {
      "version": "2.0.6",
      "resolved": "https://registry.npmjs.org/@ant-design/fast-color/-/fast-color-2.0.6.tgz",
      "integrity": "sha512-y2217gk4NqL35giHl72o6Zzqji9O7vHh9YmhUVkPtAOpoTCH4uWxo/pr4VE8t0+ChEPs0qo4eJRC5Q1eXWo3vA==",
      "license": "MIT",
      "dependencies": {
        "@babel/runtime": "^7.24.7"
      },
      "engines": {
        "node": ">=8.x"
      }
    },
    "node_modules/@ant-design/icons": {
      "version": "5.6.1",
      "resolved": "https://registry.npmjs.org/@ant-design/icons/-/icons-5.6.1.tgz",
      "integrity": "sha512-0/xS39c91WjPAZOWsvi1//zjx6kAp4kxWwctR6kuU6p133w8RU0D2dSCvZC19uQyharg/sAvYxGYWl01BbZZfg==",
      "license": "MIT",
      "dependencies": {
        "@ant-design/colors": "^7.0.0",
        "@ant-design/icons-svg": "^4.4.0",
        "@babel/runtime": "^7.24.8",
        "classnames": "^2.2.6",
        "rc-util": "^5.31.1"
      },
      "engines": {
        "node": ">=8"
      },
      "peerDependencies": {
        "react": ">=16.0.0",
        "react-dom": ">=16.0.0"
      }
    },
    "node_modules/@ant-design/icons-svg": {
      "version": "4.4.2",
      "resolved": "https://registry.npmjs.org/@ant-design/icons-svg/-/icons-svg-4.4.2.tgz",
      "integrity": "sha512-vHbT+zJEVzllwP+CM+ul7reTEfBR0vgxFe7+lREAsAA7YGsYpboiq2sQNeQeRvh09GfQgs/GyFEvZpJ9cLXpXA==",
      "license": "MIT"
    },
    "node_modules/@ant-design/react-slick": {
      "version": "1.1.2",
      "resolved": "https://registry.npmjs.org/@ant-design/react-slick/-/react-slick-1.1.2.tgz",
      "integrity": "sha512-EzlvzE6xQUBrZuuhSAFTdsr4P2bBBHGZwKFemEfq8gIGyIQCxalYfZW/T2ORbtQx5rU69o+WycP3exY/7T1hGA==",
      "license": "MIT",
      "dependencies": {
        "@babel/runtime": "^7.10.4",
        "classnames": "^2.2.5",
        "json2mq": "^0.2.0",
        "resize-observer-polyfill": "^1.5.1",
        "throttle-debounce": "^5.0.0"
      },
      "peerDependencies": {
        "react": ">=16.9.0"
      }
    },
    "node_modules/@babel/runtime": {
      "version": "7.26.9",
      "resolved": "https://registry.npmjs.org/@babel/runtime/-/runtime-7.26.9.tgz",
      "integrity": "sha512-aA63XwOkcl4xxQa3HjPMqOP6LiK0ZDv3mUPYEFXkpHbaFjtGggE1A61FjFzJnB+p7/oy2gA8E+rcBNl/zC1tMg==",
      "license": "MIT",
      "dependencies": {
        "regenerator-runtime": "^0.14.0"
      },
      "engines": {
        "node": ">=6.9.0"
      }
    },
    "node_modules/@emotion/hash": {
      "version": "0.8.0",
      "resolved": "https://registry.npmjs.org/@emotion/hash/-/hash-0.8.0.tgz",
      "integrity": "sha512-kBJtf7PH6aWwZ6fka3zQ0p6SBYzx4fl1LoZXE2RrnYST9Xljm7WfKJrU4g/Xr3Beg72MLrp1AWNUmuYJTL7Cow==",
      "license": "MIT"
    },
    "node_modules/@emotion/unitless": {
      "version": "0.7.5",
      "resolved": "https://registry.npmjs.org/@emotion/unitless/-/unitless-0.7.5.tgz",
      "integrity": "sha512-OWORNpfjMsSSUBVrRBVGECkhWcULOAJz9ZW8uK9qgxD+87M7jHRcvh/A96XXNhXTLmKcoYSQtBEX7lHMO7YRwg==",
      "license": "MIT"
    },
    "node_modules/@rc-component/async-validator": {
      "version": "5.0.4",
      "resolved": "https://registry.npmjs.org/@rc-component/async-validator/-/async-validator-5.0.4.tgz",
      "integrity": "sha512-qgGdcVIF604M9EqjNF0hbUTz42bz/RDtxWdWuU5EQe3hi7M8ob54B6B35rOsvX5eSvIHIzT9iH1R3n+hk3CGfg==",
      "license": "MIT",
      "dependencies": {
        "@babel/runtime": "^7.24.4"
      },
      "engines": {
        "node": ">=14.x"
      }
    },
    "node_modules/@rc-component/color-picker": {
      "version": "2.0.1",
      "resolved": "https://registry.npmjs.org/@rc-component/color-picker/-/color-picker-2.0.1.tgz",
      "integrity": "sha512-WcZYwAThV/b2GISQ8F+7650r5ZZJ043E57aVBFkQ+kSY4C6wdofXgB0hBx+GPGpIU0Z81eETNoDUJMr7oy/P8Q==",
      "license": "MIT",
      "dependencies": {
        "@ant-design/fast-color": "^2.0.6",
        "@babel/runtime": "^7.23.6",
        "classnames": "^2.2.6",
        "rc-util": "^5.38.1"
      },
      "peerDependencies": {
        "react": ">=16.9.0",
        "react-dom": ">=16.9.0"
      }
    },
    "node_modules/@rc-component/context": {
      "version": "1.4.0",
      "resolved": "https://registry.npmjs.org/@rc-component/context/-/context-1.4.0.tgz",
      "integrity": "sha512-kFcNxg9oLRMoL3qki0OMxK+7g5mypjgaaJp/pkOis/6rVxma9nJBF/8kCIuTYHUQNr0ii7MxqE33wirPZLJQ2w==",
      "license": "MIT",
      "dependencies": {
        "@babel/runtime": "^7.10.1",
        "rc-util": "^5.27.0"
      },
      "peerDependencies": {
        "react": ">=16.9.0",
        "react-dom": ">=16.9.0"
      }
    },
    "node_modules/@rc-component/mini-decimal": {
      "version": "1.1.0",
      "resolved": "https://registry.npmjs.org/@rc-component/mini-decimal/-/mini-decimal-1.1.0.tgz",
      "integrity": "sha512-jS4E7T9Li2GuYwI6PyiVXmxTiM6b07rlD9Ge8uGZSCz3WlzcG5ZK7g5bbuKNeZ9pgUuPK/5guV781ujdVpm4HQ==",
      "license": "MIT",
      "dependencies": {
        "@babel/runtime": "^7.18.0"
      },
      "engines": {
        "node": ">=8.x"
      }
    },
    "node_modules/@rc-component/mutate-observer": {
      "version": "1.1.0",
      "resolved": "https://registry.npmjs.org/@rc-component/mutate-observer/-/mutate-observer-1.1.0.tgz",
      "integrity": "sha512-QjrOsDXQusNwGZPf4/qRQasg7UFEj06XiCJ8iuiq/Io7CrHrgVi6Uuetw60WAMG1799v+aM8kyc+1L/GBbHSlw==",
      "license": "MIT",
      "dependencies": {
        "@babel/runtime": "^7.18.0",
        "classnames": "^2.3.2",
        "rc-util": "^5.24.4"
      },
      "engines": {
        "node": ">=8.x"
      },
      "peerDependencies": {
        "react": ">=16.9.0",
        "react-dom": ">=16.9.0"
      }
    },
    "node_modules/@rc-component/portal": {
      "version": "1.1.2",
      "resolved": "https://registry.npmjs.org/@rc-component/portal/-/portal-1.1.2.tgz",
      "integrity": "sha512-6f813C0IsasTZms08kfA8kPAGxbbkYToa8ALaiDIGGECU4i9hj8Plgbx0sNJDrey3EtHO30hmdaxtT0138xZcg==",
      "license": "MIT",
      "dependencies": {
        "@babel/runtime": "^7.18.0",
        "classnames": "^2.3.2",
        "rc-util": "^5.24.4"
      },
      "engines": {
        "node": ">=8.x"
      },
      "peerDependencies": {
        "react": ">=16.9.0",
        "react-dom": ">=16.9.0"
      }
    },
    "node_modules/@rc-component/qrcode": {
      "version": "1.0.0",
      "resolved": "https://registry.npmjs.org/@rc-component/qrcode/-/qrcode-1.0.0.tgz",
      "integrity": "sha512-L+rZ4HXP2sJ1gHMGHjsg9jlYBX/SLN2D6OxP9Zn3qgtpMWtO2vUfxVFwiogHpAIqs54FnALxraUy/BCO1yRIgg==",
      "license": "MIT",
      "dependencies": {
        "@babel/runtime": "^7.24.7",
        "classnames": "^2.3.2",
        "rc-util": "^5.38.0"
      },
      "engines": {
        "node": ">=8.x"
      },
      "peerDependencies": {
        "react": ">=16.9.0",
        "react-dom": ">=16.9.0"
      }
    },
    "node_modules/@rc-component/tour": {
      "version": "1.15.1",
      "resolved": "https://registry.npmjs.org/@rc-component/tour/-/tour-1.15.1.tgz",
      "integrity": "sha512-Tr2t7J1DKZUpfJuDZWHxyxWpfmj8EZrqSgyMZ+BCdvKZ6r1UDsfU46M/iWAAFBy961Ssfom2kv5f3UcjIL2CmQ==",
      "license": "MIT",
      "dependencies": {
        "@babel/runtime": "^7.18.0",
        "@rc-component/portal": "^1.0.0-9",
        "@rc-component/trigger": "^2.0.0",
        "classnames": "^2.3.2",
        "rc-util": "^5.24.4"
      },
      "engines": {
        "node": ">=8.x"
      },
      "peerDependencies": {
        "react": ">=16.9.0",
        "react-dom": ">=16.9.0"
      }
    },
    "node_modules/@rc-component/trigger": {
      "version": "2.2.6",
      "resolved": "https://registry.npmjs.org/@rc-component/trigger/-/trigger-2.2.6.tgz",
      "integrity": "sha512-/9zuTnWwhQ3S3WT1T8BubuFTT46kvnXgaERR9f4BTKyn61/wpf/BvbImzYBubzJibU707FxwbKszLlHjcLiv1Q==",
      "license": "MIT",
      "dependencies": {
        "@babel/runtime": "^7.23.2",
        "@rc-component/portal": "^1.1.0",
        "classnames": "^2.3.2",
        "rc-motion": "^2.0.0",
        "rc-resize-observer": "^1.3.1",
        "rc-util": "^5.44.0"
      },
      "engines": {
        "node": ">=8.x"
      },
      "peerDependencies": {
        "react": ">=16.9.0",
        "react-dom": ">=16.9.0"
      }
    },
    "node_modules/@types/antd": {
      "version": "0.12.32",
      "resolved": "https://registry.npmjs.org/@types/antd/-/antd-0.12.32.tgz",
      "integrity": "sha512-PcCbMdpxoZ1BCTe2sQtVoSurgdVxYjln6a0eqlAGKG38Lb/J28jOIOCB8htoCIvSgpBRReoouxB6ZPSOSbV3lg==",
      "license": "MIT",
      "dependencies": {
        "@types/react": "*"
      }
    },
    "node_modules/@types/react": {
      "version": "19.0.10",
      "resolved": "https://registry.npmjs.org/@types/react/-/react-19.0.10.tgz",
      "integrity": "sha512-JuRQ9KXLEjaUNjTWpzuR231Z2WpIwczOkBEIvbHNCzQefFIT0L8IqE6NV6ULLyC1SI/i234JnDoMkfg+RjQj2g==",
      "license": "MIT",
      "dependencies": {
        "csstype": "^3.0.2"
      }
    },
    "node_modules/@types/react-dom": {
      "version": "19.0.4",
      "resolved": "https://registry.npmjs.org/@types/react-dom/-/react-dom-19.0.4.tgz",
      "integrity": "sha512-4fSQ8vWFkg+TGhePfUzVmat3eC14TXYSsiiDSLI0dVLsrm9gZFABjPy/Qu6TKgl1tq1Bu1yDsuQgY3A3DOjCcg==",
      "dev": true,
      "license": "MIT",
      "peerDependencies": {
        "@types/react": "^19.0.0"
      }
    },
    "node_modules/antd": {
      "version": "5.24.3",
      "resolved": "https://registry.npmjs.org/antd/-/antd-5.24.3.tgz",
      "integrity": "sha512-H5fopyOVRAnegfwLuEdjhPR+l5z3/lo4aQyDsgIYhfmeBcRgN/XNkefVxzRHNuWHeYr9E9LbyxEQcMF91sy5lg==",
      "license": "MIT",
      "dependencies": {
        "@ant-design/colors": "^7.2.0",
        "@ant-design/cssinjs": "^1.23.0",
        "@ant-design/cssinjs-utils": "^1.1.3",
        "@ant-design/fast-color": "^2.0.6",
        "@ant-design/icons": "^5.6.1",
        "@ant-design/react-slick": "~1.1.2",
        "@babel/runtime": "^7.26.0",
        "@rc-component/color-picker": "~2.0.1",
        "@rc-component/mutate-observer": "^1.1.0",
        "@rc-component/qrcode": "~1.0.0",
        "@rc-component/tour": "~1.15.1",
        "@rc-component/trigger": "^2.2.6",
        "classnames": "^2.5.1",
        "copy-to-clipboard": "^3.3.3",
        "dayjs": "^1.11.11",
        "rc-cascader": "~3.33.1",
        "rc-checkbox": "~3.5.0",
        "rc-collapse": "~3.9.0",
        "rc-dialog": "~9.6.0",
        "rc-drawer": "~7.2.0",
        "rc-dropdown": "~4.2.1",
        "rc-field-form": "~2.7.0",
        "rc-image": "~7.11.0",
        "rc-input": "~1.7.3",
        "rc-input-number": "~9.4.0",
        "rc-mentions": "~2.19.1",
        "rc-menu": "~9.16.1",
        "rc-motion": "^2.9.5",
        "rc-notification": "~5.6.3",
        "rc-pagination": "~5.1.0",
        "rc-picker": "~4.11.3",
        "rc-progress": "~4.0.0",
        "rc-rate": "~2.13.1",
        "rc-resize-observer": "^1.4.3",
        "rc-segmented": "~2.7.0",
        "rc-select": "~14.16.6",
        "rc-slider": "~11.1.8",
        "rc-steps": "~6.0.1",
        "rc-switch": "~4.1.0",
        "rc-table": "~7.50.3",
        "rc-tabs": "~15.5.1",
        "rc-textarea": "~1.9.0",
        "rc-tooltip": "~6.4.0",
        "rc-tree": "~5.13.1",
        "rc-tree-select": "~5.27.0",
        "rc-upload": "~4.8.1",
        "rc-util": "^5.44.4",
        "scroll-into-view-if-needed": "^3.1.0",
        "throttle-debounce": "^5.0.2"
      },
      "funding": {
        "type": "opencollective",
        "url": "https://opencollective.com/ant-design"
      },
      "peerDependencies": {
        "react": ">=16.9.0",
        "react-dom": ">=16.9.0"
      }
    },
    "node_modules/classnames": {
      "version": "2.5.1",
      "resolved": "https://registry.npmjs.org/classnames/-/classnames-2.5.1.tgz",
      "integrity": "sha512-saHYOzhIQs6wy2sVxTM6bUDsQO4F50V9RQ22qBpEdCW+I+/Wmke2HOl6lS6dTpdxVhb88/I6+Hs+438c3lfUow==",
      "license": "MIT"
    },
    "node_modules/compute-scroll-into-view": {
      "version": "3.1.1",
      "resolved": "https://registry.npmjs.org/compute-scroll-into-view/-/compute-scroll-into-view-3.1.1.tgz",
      "integrity": "sha512-VRhuHOLoKYOy4UbilLbUzbYg93XLjv2PncJC50EuTWPA3gaja1UjBsUP/D/9/juV3vQFr6XBEzn9KCAHdUvOHw==",
      "license": "MIT"
    },
    "node_modules/copy-to-clipboard": {
      "version": "3.3.3",
      "resolved": "https://registry.npmjs.org/copy-to-clipboard/-/copy-to-clipboard-3.3.3.tgz",
      "integrity": "sha512-2KV8NhB5JqC3ky0r9PMCAZKbUHSwtEo4CwCs0KXgruG43gX5PMqDEBbVU4OUzw2MuAWUfsuFmWvEKG5QRfSnJA==",
      "license": "MIT",
      "dependencies": {
        "toggle-selection": "^1.0.6"
      }
    },
    "node_modules/csstype": {
      "version": "3.1.3",
      "resolved": "https://registry.npmjs.org/csstype/-/csstype-3.1.3.tgz",
      "integrity": "sha512-M1uQkMl8rQK/szD0LNhtqxIPLpimGm8sOBwU7lLnCpSbTyY3yeU1Vc7l4KT5zT4s/yOxHH5O7tIuuLOCnLADRw==",
      "license": "MIT"
    },
    "node_modules/dayjs": {
      "version": "1.11.13",
      "resolved": "https://registry.npmjs.org/dayjs/-/dayjs-1.11.13.tgz",
      "integrity": "sha512-oaMBel6gjolK862uaPQOVTA7q3TZhuSvuMQAAglQDOWYO9A91IrAOUJEyKVlqJlHE0vq5p5UXxzdPfMH/x6xNg==",
      "license": "MIT"
    },
    "node_modules/json2mq": {
      "version": "0.2.0",
      "resolved": "https://registry.npmjs.org/json2mq/-/json2mq-0.2.0.tgz",
      "integrity": "sha512-SzoRg7ux5DWTII9J2qkrZrqV1gt+rTaoufMxEzXbS26Uid0NwaJd123HcoB80TgubEppxxIGdNxCx50fEoEWQA==",
      "license": "MIT",
      "dependencies": {
        "string-convert": "^0.2.0"
      }
    },
    "node_modules/rc-cascader": {
      "version": "3.33.1",
      "resolved": "https://registry.npmjs.org/rc-cascader/-/rc-cascader-3.33.1.tgz",
      "integrity": "sha512-Kyl4EJ7ZfCBuidmZVieegcbFw0RcU5bHHSbtEdmuLYd0fYHCAiYKZ6zon7fWAVyC6rWWOOib0XKdTSf7ElC9rg==",
      "license": "MIT",
      "dependencies": {
        "@babel/runtime": "^7.25.7",
        "classnames": "^2.3.1",
        "rc-select": "~14.16.2",
        "rc-tree": "~5.13.0",
        "rc-util": "^5.43.0"
      },
      "peerDependencies": {
        "react": ">=16.9.0",
        "react-dom": ">=16.9.0"
      }
    },
    "node_modules/rc-checkbox": {
      "version": "3.5.0",
      "resolved": "https://registry.npmjs.org/rc-checkbox/-/rc-checkbox-3.5.0.tgz",
      "integrity": "sha512-aOAQc3E98HteIIsSqm6Xk2FPKIER6+5vyEFMZfo73TqM+VVAIqOkHoPjgKLqSNtVLWScoaM7vY2ZrGEheI79yg==",
      "license": "MIT",
      "dependencies": {
        "@babel/runtime": "^7.10.1",
        "classnames": "^2.3.2",
        "rc-util": "^5.25.2"
      },
      "peerDependencies": {
        "react": ">=16.9.0",
        "react-dom": ">=16.9.0"
      }
    },
    "node_modules/rc-collapse": {
      "version": "3.9.0",
      "resolved": "https://registry.npmjs.org/rc-collapse/-/rc-collapse-3.9.0.tgz",
      "integrity": "sha512-swDdz4QZ4dFTo4RAUMLL50qP0EY62N2kvmk2We5xYdRwcRn8WcYtuetCJpwpaCbUfUt5+huLpVxhvmnK+PHrkA==",
      "license": "MIT",
      "dependencies": {
        "@babel/runtime": "^7.10.1",
        "classnames": "2.x",
        "rc-motion": "^2.3.4",
        "rc-util": "^5.27.0"
      },
      "peerDependencies": {
        "react": ">=16.9.0",
        "react-dom": ">=16.9.0"
      }
    },
    "node_modules/rc-dialog": {
      "version": "9.6.0",
      "resolved": "https://registry.npmjs.org/rc-dialog/-/rc-dialog-9.6.0.tgz",
      "integrity": "sha512-ApoVi9Z8PaCQg6FsUzS8yvBEQy0ZL2PkuvAgrmohPkN3okps5WZ5WQWPc1RNuiOKaAYv8B97ACdsFU5LizzCqg==",
      "license": "MIT",
      "dependencies": {
        "@babel/runtime": "^7.10.1",
        "@rc-component/portal": "^1.0.0-8",
        "classnames": "^2.2.6",
        "rc-motion": "^2.3.0",
        "rc-util": "^5.21.0"
      },
      "peerDependencies": {
        "react": ">=16.9.0",
        "react-dom": ">=16.9.0"
      }
    },
    "node_modules/rc-drawer": {
      "version": "7.2.0",
      "resolved": "https://registry.npmjs.org/rc-drawer/-/rc-drawer-7.2.0.tgz",
      "integrity": "sha512-9lOQ7kBekEJRdEpScHvtmEtXnAsy+NGDXiRWc2ZVC7QXAazNVbeT4EraQKYwCME8BJLa8Bxqxvs5swwyOepRwg==",
      "license": "MIT",
      "dependencies": {
        "@babel/runtime": "^7.23.9",
        "@rc-component/portal": "^1.1.1",
        "classnames": "^2.2.6",
        "rc-motion": "^2.6.1",
        "rc-util": "^5.38.1"
      },
      "peerDependencies": {
        "react": ">=16.9.0",
        "react-dom": ">=16.9.0"
      }
    },
    "node_modules/rc-dropdown": {
      "version": "4.2.1",
      "resolved": "https://registry.npmjs.org/rc-dropdown/-/rc-dropdown-4.2.1.tgz",
      "integrity": "sha512-YDAlXsPv3I1n42dv1JpdM7wJ+gSUBfeyPK59ZpBD9jQhK9jVuxpjj3NmWQHOBceA1zEPVX84T2wbdb2SD0UjmA==",
      "license": "MIT",
      "dependencies": {
        "@babel/runtime": "^7.18.3",
        "@rc-component/trigger": "^2.0.0",
        "classnames": "^2.2.6",
        "rc-util": "^5.44.1"
      },
      "peerDependencies": {
        "react": ">=16.11.0",
        "react-dom": ">=16.11.0"
      }
    },
    "node_modules/rc-field-form": {
      "version": "2.7.0",
      "resolved": "https://registry.npmjs.org/rc-field-form/-/rc-field-form-2.7.0.tgz",
      "integrity": "sha512-hgKsCay2taxzVnBPZl+1n4ZondsV78G++XVsMIJCAoioMjlMQR9YwAp7JZDIECzIu2Z66R+f4SFIRrO2DjDNAA==",
      "license": "MIT",
      "dependencies": {
        "@babel/runtime": "^7.18.0",
        "@rc-component/async-validator": "^5.0.3",
        "rc-util": "^5.32.2"
      },
      "engines": {
        "node": ">=8.x"
      },
      "peerDependencies": {
        "react": ">=16.9.0",
        "react-dom": ">=16.9.0"
      }
    },
    "node_modules/rc-image": {
      "version": "7.11.0",
      "resolved": "https://registry.npmjs.org/rc-image/-/rc-image-7.11.0.tgz",
      "integrity": "sha512-aZkTEZXqeqfPZtnSdNUnKQA0N/3MbgR7nUnZ+/4MfSFWPFHZau4p5r5ShaI0KPEMnNjv4kijSCFq/9wtJpwykw==",
      "license": "MIT",
      "dependencies": {
        "@babel/runtime": "^7.11.2",
        "@rc-component/portal": "^1.0.2",
        "classnames": "^2.2.6",
        "rc-dialog": "~9.6.0",
        "rc-motion": "^2.6.2",
        "rc-util": "^5.34.1"
      },
      "peerDependencies": {
        "react": ">=16.9.0",
        "react-dom": ">=16.9.0"
      }
    },
    "node_modules/rc-input": {
      "version": "1.7.3",
      "resolved": "https://registry.npmjs.org/rc-input/-/rc-input-1.7.3.tgz",
      "integrity": "sha512-A5w4egJq8+4JzlQ55FfQjDnPvOaAbzwC3VLOAdOytyek3TboSOP9qxN+Gifup+shVXfvecBLBbWBpWxmk02SWQ==",
      "license": "MIT",
      "dependencies": {
        "@babel/runtime": "^7.11.1",
        "classnames": "^2.2.1",
        "rc-util": "^5.18.1"
      },
      "peerDependencies": {
        "react": ">=16.0.0",
        "react-dom": ">=16.0.0"
      }
    },
    "node_modules/rc-input-number": {
      "version": "9.4.0",
      "resolved": "https://registry.npmjs.org/rc-input-number/-/rc-input-number-9.4.0.tgz",
      "integrity": "sha512-Tiy4DcXcFXAf9wDhN8aUAyMeCLHJUHA/VA/t7Hj8ZEx5ETvxG7MArDOSE6psbiSCo+vJPm4E3fGN710ITVn6GA==",
      "license": "MIT",
      "dependencies": {
        "@babel/runtime": "^7.10.1",
        "@rc-component/mini-decimal": "^1.0.1",
        "classnames": "^2.2.5",
        "rc-input": "~1.7.1",
        "rc-util": "^5.40.1"
      },
      "peerDependencies": {
        "react": ">=16.9.0",
        "react-dom": ">=16.9.0"
      }
    },
    "node_modules/rc-mentions": {
      "version": "2.19.1",
      "resolved": "https://registry.npmjs.org/rc-mentions/-/rc-mentions-2.19.1.tgz",
      "integrity": "sha512-KK3bAc/bPFI993J3necmaMXD2reZTzytZdlTvkeBbp50IGH1BDPDvxLdHDUrpQx2b2TGaVJsn+86BvYa03kGqA==",
      "license": "MIT",
      "dependencies": {
        "@babel/runtime": "^7.22.5",
        "@rc-component/trigger": "^2.0.0",
        "classnames": "^2.2.6",
        "rc-input": "~1.7.1",
        "rc-menu": "~9.16.0",
        "rc-textarea": "~1.9.0",
        "rc-util": "^5.34.1"
      },
      "peerDependencies": {
        "react": ">=16.9.0",
        "react-dom": ">=16.9.0"
      }
    },
    "node_modules/rc-menu": {
      "version": "9.16.1",
      "resolved": "https://registry.npmjs.org/rc-menu/-/rc-menu-9.16.1.tgz",
      "integrity": "sha512-ghHx6/6Dvp+fw8CJhDUHFHDJ84hJE3BXNCzSgLdmNiFErWSOaZNsihDAsKq9ByTALo/xkNIwtDFGIl6r+RPXBg==",
      "license": "MIT",
      "dependencies": {
        "@babel/runtime": "^7.10.1",
        "@rc-component/trigger": "^2.0.0",
        "classnames": "2.x",
        "rc-motion": "^2.4.3",
        "rc-overflow": "^1.3.1",
        "rc-util": "^5.27.0"
      },
      "peerDependencies": {
        "react": ">=16.9.0",
        "react-dom": ">=16.9.0"
      }
    },
    "node_modules/rc-motion": {
      "version": "2.9.5",
      "resolved": "https://registry.npmjs.org/rc-motion/-/rc-motion-2.9.5.tgz",
      "integrity": "sha512-w+XTUrfh7ArbYEd2582uDrEhmBHwK1ZENJiSJVb7uRxdE7qJSYjbO2eksRXmndqyKqKoYPc9ClpPh5242mV1vA==",
      "license": "MIT",
      "dependencies": {
        "@babel/runtime": "^7.11.1",
        "classnames": "^2.2.1",
        "rc-util": "^5.44.0"
      },
      "peerDependencies": {
        "react": ">=16.9.0",
        "react-dom": ">=16.9.0"
      }
    },
    "node_modules/rc-notification": {
      "version": "5.6.3",
      "resolved": "https://registry.npmjs.org/rc-notification/-/rc-notification-5.6.3.tgz",
      "integrity": "sha512-42szwnn8VYQoT6GnjO00i1iwqV9D1TTMvxObWsuLwgl0TsOokzhkYiufdtQBsJMFjJravS1hfDKVMHLKLcPE4g==",
      "license": "MIT",
      "dependencies": {
        "@babel/runtime": "^7.10.1",
        "classnames": "2.x",
        "rc-motion": "^2.9.0",
        "rc-util": "^5.20.1"
      },
      "engines": {
        "node": ">=8.x"
      },
      "peerDependencies": {
        "react": ">=16.9.0",
        "react-dom": ">=16.9.0"
      }
    },
    "node_modules/rc-overflow": {
      "version": "1.4.1",
      "resolved": "https://registry.npmjs.org/rc-overflow/-/rc-overflow-1.4.1.tgz",
      "integrity": "sha512-3MoPQQPV1uKyOMVNd6SZfONi+f3st0r8PksexIdBTeIYbMX0Jr+k7pHEDvsXtR4BpCv90/Pv2MovVNhktKrwvw==",
      "license": "MIT",
      "dependencies": {
        "@babel/runtime": "^7.11.1",
        "classnames": "^2.2.1",
        "rc-resize-observer": "^1.0.0",
        "rc-util": "^5.37.0"
      },
      "peerDependencies": {
        "react": ">=16.9.0",
        "react-dom": ">=16.9.0"
      }
    },
    "node_modules/rc-pagination": {
      "version": "5.1.0",
      "resolved": "https://registry.npmjs.org/rc-pagination/-/rc-pagination-5.1.0.tgz",
      "integrity": "sha512-8416Yip/+eclTFdHXLKTxZvn70duYVGTvUUWbckCCZoIl3jagqke3GLsFrMs0bsQBikiYpZLD9206Ej4SOdOXQ==",
      "license": "MIT",
      "dependencies": {
        "@babel/runtime": "^7.10.1",
        "classnames": "^2.3.2",
        "rc-util": "^5.38.0"
      },
      "peerDependencies": {
        "react": ">=16.9.0",
        "react-dom": ">=16.9.0"
      }
    },
    "node_modules/rc-picker": {
      "version": "4.11.3",
      "resolved": "https://registry.npmjs.org/rc-picker/-/rc-picker-4.11.3.tgz",
      "integrity": "sha512-MJ5teb7FlNE0NFHTncxXQ62Y5lytq6sh5nUw0iH8OkHL/TjARSEvSHpr940pWgjGANpjCwyMdvsEV55l5tYNSg==",
      "license": "MIT",
      "dependencies": {
        "@babel/runtime": "^7.24.7",
        "@rc-component/trigger": "^2.0.0",
        "classnames": "^2.2.1",
        "rc-overflow": "^1.3.2",
        "rc-resize-observer": "^1.4.0",
        "rc-util": "^5.43.0"
      },
      "engines": {
        "node": ">=8.x"
      },
      "peerDependencies": {
        "date-fns": ">= 2.x",
        "dayjs": ">= 1.x",
        "luxon": ">= 3.x",
        "moment": ">= 2.x",
        "react": ">=16.9.0",
        "react-dom": ">=16.9.0"
      },
      "peerDependenciesMeta": {
        "date-fns": {
          "optional": true
        },
        "dayjs": {
          "optional": true
        },
        "luxon": {
          "optional": true
        },
        "moment": {
          "optional": true
        }
      }
    },
    "node_modules/rc-progress": {
      "version": "4.0.0",
      "resolved": "https://registry.npmjs.org/rc-progress/-/rc-progress-4.0.0.tgz",
      "integrity": "sha512-oofVMMafOCokIUIBnZLNcOZFsABaUw8PPrf1/y0ZBvKZNpOiu5h4AO9vv11Sw0p4Hb3D0yGWuEattcQGtNJ/aw==",
      "license": "MIT",
      "dependencies": {
        "@babel/runtime": "^7.10.1",
        "classnames": "^2.2.6",
        "rc-util": "^5.16.1"
      },
      "peerDependencies": {
        "react": ">=16.9.0",
        "react-dom": ">=16.9.0"
      }
    },
    "node_modules/rc-rate": {
      "version": "2.13.1",
      "resolved": "https://registry.npmjs.org/rc-rate/-/rc-rate-2.13.1.tgz",
      "integrity": "sha512-QUhQ9ivQ8Gy7mtMZPAjLbxBt5y9GRp65VcUyGUMF3N3fhiftivPHdpuDIaWIMOTEprAjZPC08bls1dQB+I1F2Q==",
      "license": "MIT",
      "dependencies": {
        "@babel/runtime": "^7.10.1",
        "classnames": "^2.2.5",
        "rc-util": "^5.0.1"
      },
      "engines": {
        "node": ">=8.x"
      },
      "peerDependencies": {
        "react": ">=16.9.0",
        "react-dom": ">=16.9.0"
      }
    },
    "node_modules/rc-resize-observer": {
      "version": "1.4.3",
      "resolved": "https://registry.npmjs.org/rc-resize-observer/-/rc-resize-observer-1.4.3.tgz",
      "integrity": "sha512-YZLjUbyIWox8E9i9C3Tm7ia+W7euPItNWSPX5sCcQTYbnwDb5uNpnLHQCG1f22oZWUhLw4Mv2tFmeWe68CDQRQ==",
      "license": "MIT",
      "dependencies": {
        "@babel/runtime": "^7.20.7",
        "classnames": "^2.2.1",
        "rc-util": "^5.44.1",
        "resize-observer-polyfill": "^1.5.1"
      },
      "peerDependencies": {
        "react": ">=16.9.0",
        "react-dom": ">=16.9.0"
      }
    },
    "node_modules/rc-segmented": {
      "version": "2.7.0",
      "resolved": "https://registry.npmjs.org/rc-segmented/-/rc-segmented-2.7.0.tgz",
      "integrity": "sha512-liijAjXz+KnTRVnxxXG2sYDGd6iLL7VpGGdR8gwoxAXy2KglviKCxLWZdjKYJzYzGSUwKDSTdYk8brj54Bn5BA==",
      "license": "MIT",
      "dependencies": {
        "@babel/runtime": "^7.11.1",
        "classnames": "^2.2.1",
        "rc-motion": "^2.4.4",
        "rc-util": "^5.17.0"
      },
      "peerDependencies": {
        "react": ">=16.0.0",
        "react-dom": ">=16.0.0"
      }
    },
    "node_modules/rc-select": {
      "version": "14.16.6",
      "resolved": "https://registry.npmjs.org/rc-select/-/rc-select-14.16.6.tgz",
      "integrity": "sha512-YPMtRPqfZWOm2XGTbx5/YVr1HT0vn//8QS77At0Gjb3Lv+Lbut0IORJPKLWu1hQ3u4GsA0SrDzs7nI8JG7Zmyg==",
      "license": "MIT",
      "dependencies": {
        "@babel/runtime": "^7.10.1",
        "@rc-component/trigger": "^2.1.1",
        "classnames": "2.x",
        "rc-motion": "^2.0.1",
        "rc-overflow": "^1.3.1",
        "rc-util": "^5.16.1",
        "rc-virtual-list": "^3.5.2"
      },
      "engines": {
        "node": ">=8.x"
      },
      "peerDependencies": {
        "react": "*",
        "react-dom": "*"
      }
    },
    "node_modules/rc-slider": {
      "version": "11.1.8",
      "resolved": "https://registry.npmjs.org/rc-slider/-/rc-slider-11.1.8.tgz",
      "integrity": "sha512-2gg/72YFSpKP+Ja5AjC5DPL1YnV8DEITDQrcc1eASrUYjl0esptaBVJBh5nLTXCCp15eD8EuGjwezVGSHhs9tQ==",
      "license": "MIT",
      "dependencies": {
        "@babel/runtime": "^7.10.1",
        "classnames": "^2.2.5",
        "rc-util": "^5.36.0"
      },
      "engines": {
        "node": ">=8.x"
      },
      "peerDependencies": {
        "react": ">=16.9.0",
        "react-dom": ">=16.9.0"
      }
    },
    "node_modules/rc-steps": {
      "version": "6.0.1",
      "resolved": "https://registry.npmjs.org/rc-steps/-/rc-steps-6.0.1.tgz",
      "integrity": "sha512-lKHL+Sny0SeHkQKKDJlAjV5oZ8DwCdS2hFhAkIjuQt1/pB81M0cA0ErVFdHq9+jmPmFw1vJB2F5NBzFXLJxV+g==",
      "license": "MIT",
      "dependencies": {
        "@babel/runtime": "^7.16.7",
        "classnames": "^2.2.3",
        "rc-util": "^5.16.1"
      },
      "engines": {
        "node": ">=8.x"
      },
      "peerDependencies": {
        "react": ">=16.9.0",
        "react-dom": ">=16.9.0"
      }
    },
    "node_modules/rc-switch": {
      "version": "4.1.0",
      "resolved": "https://registry.npmjs.org/rc-switch/-/rc-switch-4.1.0.tgz",
      "integrity": "sha512-TI8ufP2Az9oEbvyCeVE4+90PDSljGyuwix3fV58p7HV2o4wBnVToEyomJRVyTaZeqNPAp+vqeo4Wnj5u0ZZQBg==",
      "license": "MIT",
      "dependencies": {
        "@babel/runtime": "^7.21.0",
        "classnames": "^2.2.1",
        "rc-util": "^5.30.0"
      },
      "peerDependencies": {
        "react": ">=16.9.0",
        "react-dom": ">=16.9.0"
      }
    },
    "node_modules/rc-table": {
      "version": "7.50.4",
      "resolved": "https://registry.npmjs.org/rc-table/-/rc-table-7.50.4.tgz",
      "integrity": "sha512-Y+YuncnQqoS5e7yHvfvlv8BmCvwDYDX/2VixTBEhkMDk9itS9aBINp4nhzXFKiBP/frG4w0pS9d9Rgisl0T1Bw==",
      "license": "MIT",
      "dependencies": {
        "@babel/runtime": "^7.10.1",
        "@rc-component/context": "^1.4.0",
        "classnames": "^2.2.5",
        "rc-resize-observer": "^1.1.0",
        "rc-util": "^5.44.3",
        "rc-virtual-list": "^3.14.2"
      },
      "engines": {
        "node": ">=8.x"
      },
      "peerDependencies": {
        "react": ">=16.9.0",
        "react-dom": ">=16.9.0"
      }
    },
    "node_modules/rc-tabs": {
      "version": "15.5.1",
      "resolved": "https://registry.npmjs.org/rc-tabs/-/rc-tabs-15.5.1.tgz",
      "integrity": "sha512-yiWivLAjEo5d1v2xlseB2dQocsOhkoVSfo1krS8v8r+02K+TBUjSjXIf7dgyVSxp6wRIPv5pMi5hanNUlQMgUA==",
      "license": "MIT",
      "dependencies": {
        "@babel/runtime": "^7.11.2",
        "classnames": "2.x",
        "rc-dropdown": "~4.2.0",
        "rc-menu": "~9.16.0",
        "rc-motion": "^2.6.2",
        "rc-resize-observer": "^1.0.0",
        "rc-util": "^5.34.1"
      },
      "engines": {
        "node": ">=8.x"
      },
      "peerDependencies": {
        "react": ">=16.9.0",
        "react-dom": ">=16.9.0"
      }
    },
    "node_modules/rc-textarea": {
      "version": "1.9.0",
      "resolved": "https://registry.npmjs.org/rc-textarea/-/rc-textarea-1.9.0.tgz",
      "integrity": "sha512-dQW/Bc/MriPBTugj2Kx9PMS5eXCCGn2cxoIaichjbNvOiARlaHdI99j4DTxLl/V8+PIfW06uFy7kjfUIDDKyxQ==",
      "license": "MIT",
      "dependencies": {
        "@babel/runtime": "^7.10.1",
        "classnames": "^2.2.1",
        "rc-input": "~1.7.1",
        "rc-resize-observer": "^1.0.0",
        "rc-util": "^5.27.0"
      },
      "peerDependencies": {
        "react": ">=16.9.0",
        "react-dom": ">=16.9.0"
      }
    },
    "node_modules/rc-tooltip": {
      "version": "6.4.0",
      "resolved": "https://registry.npmjs.org/rc-tooltip/-/rc-tooltip-6.4.0.tgz",
      "integrity": "sha512-kqyivim5cp8I5RkHmpsp1Nn/Wk+1oeloMv9c7LXNgDxUpGm+RbXJGL+OPvDlcRnx9DBeOe4wyOIl4OKUERyH1g==",
      "license": "MIT",
      "dependencies": {
        "@babel/runtime": "^7.11.2",
        "@rc-component/trigger": "^2.0.0",
        "classnames": "^2.3.1",
        "rc-util": "^5.44.3"
      },
      "peerDependencies": {
        "react": ">=16.9.0",
        "react-dom": ">=16.9.0"
      }
    },
    "node_modules/rc-tree": {
      "version": "5.13.1",
      "resolved": "https://registry.npmjs.org/rc-tree/-/rc-tree-5.13.1.tgz",
      "integrity": "sha512-FNhIefhftobCdUJshO7M8uZTA9F4OPGVXqGfZkkD/5soDeOhwO06T/aKTrg0WD8gRg/pyfq+ql3aMymLHCTC4A==",
      "license": "MIT",
      "dependencies": {
        "@babel/runtime": "^7.10.1",
        "classnames": "2.x",
        "rc-motion": "^2.0.1",
        "rc-util": "^5.16.1",
        "rc-virtual-list": "^3.5.1"
      },
      "engines": {
        "node": ">=10.x"
      },
      "peerDependencies": {
        "react": "*",
        "react-dom": "*"
      }
    },
    "node_modules/rc-tree-select": {
      "version": "5.27.0",
      "resolved": "https://registry.npmjs.org/rc-tree-select/-/rc-tree-select-5.27.0.tgz",
      "integrity": "sha512-2qTBTzwIT7LRI1o7zLyrCzmo5tQanmyGbSaGTIf7sYimCklAToVVfpMC6OAldSKolcnjorBYPNSKQqJmN3TCww==",
      "license": "MIT",
      "dependencies": {
        "@babel/runtime": "^7.25.7",
        "classnames": "2.x",
        "rc-select": "~14.16.2",
        "rc-tree": "~5.13.0",
        "rc-util": "^5.43.0"
      },
      "peerDependencies": {
        "react": "*",
        "react-dom": "*"
      }
    },
    "node_modules/rc-upload": {
      "version": "4.8.1",
      "resolved": "https://registry.npmjs.org/rc-upload/-/rc-upload-4.8.1.tgz",
      "integrity": "sha512-toEAhwl4hjLAI1u8/CgKWt30BR06ulPa4iGQSMvSXoHzO88gPCslxqV/mnn4gJU7PDoltGIC9Eh+wkeudqgHyw==",
      "license": "MIT",
      "dependencies": {
        "@babel/runtime": "^7.18.3",
        "classnames": "^2.2.5",
        "rc-util": "^5.2.0"
      },
      "peerDependencies": {
        "react": ">=16.9.0",
        "react-dom": ">=16.9.0"
      }
    },
    "node_modules/rc-util": {
      "version": "5.44.4",
      "resolved": "https://registry.npmjs.org/rc-util/-/rc-util-5.44.4.tgz",
      "integrity": "sha512-resueRJzmHG9Q6rI/DfK6Kdv9/Lfls05vzMs1Sk3M2P+3cJa+MakaZyWY8IPfehVuhPJFKrIY1IK4GqbiaiY5w==",
      "license": "MIT",
      "dependencies": {
        "@babel/runtime": "^7.18.3",
        "react-is": "^18.2.0"
      },
      "peerDependencies": {
        "react": ">=16.9.0",
        "react-dom": ">=16.9.0"
      }
    },
    "node_modules/rc-virtual-list": {
      "version": "3.18.4",
      "resolved": "https://registry.npmjs.org/rc-virtual-list/-/rc-virtual-list-3.18.4.tgz",
      "integrity": "sha512-qkurwgc4Je4xJaYe1DprDl2fwtfEZcuC4UhsJRiX2YZ6wSZAUPQXH/lIX+ZRtNEWmz3pzSBQ7NX3Csjp0wCtcg==",
      "license": "MIT",
      "dependencies": {
        "@babel/runtime": "^7.20.0",
        "classnames": "^2.2.6",
        "rc-resize-observer": "^1.0.0",
        "rc-util": "^5.36.0"
      },
      "engines": {
        "node": ">=8.x"
      },
      "peerDependencies": {
        "react": ">=16.9.0",
        "react-dom": ">=16.9.0"
      }
    },
    "node_modules/react": {
      "version": "19.0.0",
      "resolved": "https://registry.npmjs.org/react/-/react-19.0.0.tgz",
      "integrity": "sha512-V8AVnmPIICiWpGfm6GLzCR/W5FXLchHop40W4nXBmdlEceh16rCN8O8LNWm5bh5XUX91fh7KpA+W0TgMKmgTpQ==",
      "license": "MIT",
      "peer": true,
      "engines": {
        "node": ">=0.10.0"
      }
    },
    "node_modules/react-dom": {
      "version": "19.0.0",
      "resolved": "https://registry.npmjs.org/react-dom/-/react-dom-19.0.0.tgz",
      "integrity": "sha512-4GV5sHFG0e/0AD4X+ySy6UJd3jVl1iNsNHdpad0qhABJ11twS3TTBnseqsKurKcsNqCEFeGL3uLpVChpIO3QfQ==",
      "license": "MIT",
      "peer": true,
      "dependencies": {
        "scheduler": "^0.25.0"
      },
      "peerDependencies": {
        "react": "^19.0.0"
      }
    },
    "node_modules/react-is": {
      "version": "18.3.1",
      "resolved": "https://registry.npmjs.org/react-is/-/react-is-18.3.1.tgz",
      "integrity": "sha512-/LLMVyas0ljjAtoYiPqYiL8VWXzUUdThrmU5+n20DZv+a+ClRoevUzw5JxU+Ieh5/c87ytoTBV9G1FiKfNJdmg==",
      "license": "MIT"
    },
    "node_modules/regenerator-runtime": {
      "version": "0.14.1",
      "resolved": "https://registry.npmjs.org/regenerator-runtime/-/regenerator-runtime-0.14.1.tgz",
      "integrity": "sha512-dYnhHh0nJoMfnkZs6GmmhFknAGRrLznOu5nc9ML+EJxGvrx6H7teuevqVqCuPcPK//3eDrrjQhehXVx9cnkGdw==",
      "license": "MIT"
    },
    "node_modules/resize-observer-polyfill": {
      "version": "1.5.1",
      "resolved": "https://registry.npmjs.org/resize-observer-polyfill/-/resize-observer-polyfill-1.5.1.tgz",
      "integrity": "sha512-LwZrotdHOo12nQuZlHEmtuXdqGoOD0OhaxopaNFxWzInpEgaLWoVuAMbTzixuosCx2nEG58ngzW3vxdWoxIgdg==",
      "license": "MIT"
    },
    "node_modules/scheduler": {
      "version": "0.25.0",
      "resolved": "https://registry.npmjs.org/scheduler/-/scheduler-0.25.0.tgz",
      "integrity": "sha512-xFVuu11jh+xcO7JOAGJNOXld8/TcEHK/4CituBUeUb5hqxJLj9YuemAEuvm9gQ/+pgXYfbQuqAkiYu+u7YEsNA==",
      "license": "MIT",
      "peer": true
    },
    "node_modules/scroll-into-view-if-needed": {
      "version": "3.1.0",
      "resolved": "https://registry.npmjs.org/scroll-into-view-if-needed/-/scroll-into-view-if-needed-3.1.0.tgz",
      "integrity": "sha512-49oNpRjWRvnU8NyGVmUaYG4jtTkNonFZI86MmGRDqBphEK2EXT9gdEUoQPZhuBM8yWHxCWbobltqYO5M4XrUvQ==",
      "license": "MIT",
      "dependencies": {
        "compute-scroll-into-view": "^3.0.2"
      }
    },
    "node_modules/string-convert": {
      "version": "0.2.1",
      "resolved": "https://registry.npmjs.org/string-convert/-/string-convert-0.2.1.tgz",
      "integrity": "sha512-u/1tdPl4yQnPBjnVrmdLo9gtuLvELKsAoRapekWggdiQNvvvum+jYF329d84NAa660KQw7pB2n36KrIKVoXa3A==",
      "license": "MIT"
    },
    "node_modules/stylis": {
      "version": "4.3.6",
      "resolved": "https://registry.npmjs.org/stylis/-/stylis-4.3.6.tgz",
      "integrity": "sha512-yQ3rwFWRfwNUY7H5vpU0wfdkNSnvnJinhF9830Swlaxl03zsOjCfmX0ugac+3LtK0lYSgwL/KXc8oYL3mG4YFQ==",
      "license": "MIT"
    },
    "node_modules/throttle-debounce": {
      "version": "5.0.2",
      "resolved": "https://registry.npmjs.org/throttle-debounce/-/throttle-debounce-5.0.2.tgz",
      "integrity": "sha512-B71/4oyj61iNH0KeCamLuE2rmKuTO5byTOSVwECM5FA7TiAiAW+UqTKZ9ERueC4qvgSttUhdmq1mXC3kJqGX7A==",
      "license": "MIT",
      "engines": {
        "node": ">=12.22"
      }
    },
    "node_modules/toggle-selection": {
      "version": "1.0.6",
      "resolved": "https://registry.npmjs.org/toggle-selection/-/toggle-selection-1.0.6.tgz",
      "integrity": "sha512-BiZS+C1OS8g/q2RRbJmy59xpyghNBqrr6k5L/uKBGRsTfxmu3ffiRnd8mlGPUVayg8pvfi5urfnu8TU7DVOkLQ==",
      "license": "MIT"
    },
    "node_modules/typescript": {
      "version": "5.8.2",
      "resolved": "https://registry.npmjs.org/typescript/-/typescript-5.8.2.tgz",
      "integrity": "sha512-aJn6wq13/afZp/jT9QZmwEjDqqvSGp1VT5GVg+f/t6/oVyrgXM6BY1h9BRh/O5p3PlUPAe+WuiEZOmb/49RqoQ==",
      "dev": true,
      "license": "Apache-2.0",
      "bin": {
        "tsc": "bin/tsc",
        "tsserver": "bin/tsserver"
      },
      "engines": {
        "node": ">=14.17"
      }
    }
  }
}
